
Microsoft Visual Studio Solution File, Format Version 12.00
# Visual Studio Version 17
VisualStudioVersion = 17.0.31717.71
MinimumVisualStudioVersion = 10.0.40219.1
Project("{2150E333-8FDC-42A3-9474-1A3956D46DE8}") = "libs", "libs", "{A81088C2-A6AF-4CB6-8F36-DF8C0E6D45B3}"
	ProjectSection(SolutionItems) = preProject
		src\libs\Directory.Build.props = src\libs\Directory.Build.props
	EndProjectSection
EndProject
Project("{2150E333-8FDC-42A3-9474-1A3956D46DE8}") = "shared", "shared", "{2CEE2766-3A6D-4891-9416-01E4FAC0B243}"
EndProject
Project("{9A19103F-16F7-4668-BE54-9A1E7A4F7556}") = "H.XamlExtensions.Wpf", "src\libs\H.XamlExtensions.Wpf\H.XamlExtensions.Wpf.csproj", "{65786107-E646-452E-B899-EDD26D09E401}"
EndProject
Project("{2150E333-8FDC-42A3-9474-1A3956D46DE8}") = "Solution Items", "Solution Items", "{9972D12E-4770-4883-AE5D-98412271DE83}"
	ProjectSection(SolutionItems) = preProject
		.gitignore = .gitignore
		src\Directory.Build.props = src\Directory.Build.props
		.github\workflows\dotnet.yml = .github\workflows\dotnet.yml
		global.json = global.json
		LICENSE = LICENSE
		README.md = README.md
	EndProjectSection
EndProject
Project("{9A19103F-16F7-4668-BE54-9A1E7A4F7556}") = "H.XamlExtensions.Uwp", "src\libs\H.XamlExtensions.Uwp\H.XamlExtensions.Uwp.csproj", "{16A17957-6DE3-4874-B0B6-08404C23FBBE}"
EndProject
Project("{9A19103F-16F7-4668-BE54-9A1E7A4F7556}") = "H.XamlExtensions.Uno", "src\libs\H.XamlExtensions.Uno\H.XamlExtensions.Uno.csproj", "{F5EB3A73-1D93-42F7-9757-26B486D74592}"
EndProject
Project("{2150E333-8FDC-42A3-9474-1A3956D46DE8}") = "apps", "apps", "{464A41EC-E4D1-4BC3-93BD-A48E3449A4BD}"
EndProject
Project("{9A19103F-16F7-4668-BE54-9A1E7A4F7556}") = "H.XamlExtensions.Apps.Wpf", "src\apps\H.XamlExtensions.Apps.Wpf\H.XamlExtensions.Apps.Wpf.csproj", "{8C2D2DDA-890B-4F6F-938F-9CFDF82AAC0F}"
EndProject
Project("{D954291E-2A0B-460D-934E-DC6B0785DB48}") = "H.XamlExtensions.Shared", "src\shared\H.XamlExtensions.Shared\H.XamlExtensions.Shared.shproj", "{F497B163-E46E-4EA6-9E41-BB0C25CA6272}"
EndProject
Project("{9A19103F-16F7-4668-BE54-9A1E7A4F7556}") = "H.XamlExtensions.Uno.WinUI", "src\libs\H.XamlExtensions.Uno.WinUI\H.XamlExtensions.Uno.WinUI.csproj", "{AB635967-D2FF-4A55-A319-109099DE8FF4}"
EndProject
Project("{9A19103F-16F7-4668-BE54-9A1E7A4F7556}") = "H.XamlExtensions.ProjectReunion", "src\libs\H.XamlExtensions.ProjectReunion\H.XamlExtensions.ProjectReunion.csproj", "{26DC3FAB-D12D-45C5-B000-9F4B8D68FEF4}"
EndProject
Project("{9A19103F-16F7-4668-BE54-9A1E7A4F7556}") = "H.XamlExtensions.WindowsAppSDK", "src\libs\H.XamlExtensions.WindowsAppSDK\H.XamlExtensions.WindowsAppSDK.csproj", "{615808DB-FBFC-4DDD-A6D4-64525428F48F}"
EndProject
Project("{9A19103F-16F7-4668-BE54-9A1E7A4F7556}") = "H.XamlExtensions.Apps.WindowsAppSdk", "src\apps\H.XamlExtensions.Apps.WindowsAppSdk\H.XamlExtensions.Apps.WindowsAppSdk.csproj", "{B1D125FD-F1ED-4556-9C20-34735AFF3F7D}"
EndProject
Global
	GlobalSection(SharedMSBuildProjectFiles) = preSolution
		src\shared\H.XamlExtensions.Shared\H.XamlExtensions.Shared.projitems*{16a17957-6de3-4874-b0b6-08404c23fbbe}*SharedItemsImports = 5
		src\shared\H.XamlExtensions.Shared\H.XamlExtensions.Shared.projitems*{26dc3fab-d12d-45c5-b000-9f4b8d68fef4}*SharedItemsImports = 5
		src\shared\H.XamlExtensions.Shared\H.XamlExtensions.Shared.projitems*{615808db-fbfc-4ddd-a6d4-64525428f48f}*SharedItemsImports = 5
		src\shared\H.XamlExtensions.Shared\H.XamlExtensions.Shared.projitems*{65786107-e646-452e-b899-edd26d09e401}*SharedItemsImports = 5
		src\shared\H.XamlExtensions.Shared\H.XamlExtensions.Shared.projitems*{ab635967-d2ff-4a55-a319-109099de8ff4}*SharedItemsImports = 5
		src\shared\H.XamlExtensions.Shared\H.XamlExtensions.Shared.projitems*{f497b163-e46e-4ea6-9e41-bb0c25ca6272}*SharedItemsImports = 13
		src\shared\H.XamlExtensions.Shared\H.XamlExtensions.Shared.projitems*{f5eb3a73-1d93-42f7-9757-26b486d74592}*SharedItemsImports = 5
	EndGlobalSection
	GlobalSection(SolutionConfigurationPlatforms) = preSolution
		Debug|Any CPU = Debug|Any CPU
		Debug|arm64 = Debug|arm64
		Debug|x64 = Debug|x64
		Debug|x86 = Debug|x86
		Release|Any CPU = Release|Any CPU
		Release|arm64 = Release|arm64
		Release|x64 = Release|x64
		Release|x86 = Release|x86
	EndGlobalSection
	GlobalSection(ProjectConfigurationPlatforms) = postSolution
		{65786107-E646-452E-B899-EDD26D09E401}.Debug|Any CPU.ActiveCfg = Debug|Any CPU
		{65786107-E646-452E-B899-EDD26D09E401}.Debug|Any CPU.Build.0 = Debug|Any CPU
		{65786107-E646-452E-B899-EDD26D09E401}.Debug|arm64.ActiveCfg = Debug|Any CPU
		{65786107-E646-452E-B899-EDD26D09E401}.Debug|arm64.Build.0 = Debug|Any CPU
		{65786107-E646-452E-B899-EDD26D09E401}.Debug|x64.ActiveCfg = Debug|Any CPU
		{65786107-E646-452E-B899-EDD26D09E401}.Debug|x64.Build.0 = Debug|Any CPU
		{65786107-E646-452E-B899-EDD26D09E401}.Debug|x86.ActiveCfg = Debug|Any CPU
		{65786107-E646-452E-B899-EDD26D09E401}.Debug|x86.Build.0 = Debug|Any CPU
		{65786107-E646-452E-B899-EDD26D09E401}.Release|Any CPU.ActiveCfg = Release|Any CPU
		{65786107-E646-452E-B899-EDD26D09E401}.Release|Any CPU.Build.0 = Release|Any CPU
		{65786107-E646-452E-B899-EDD26D09E401}.Release|arm64.ActiveCfg = Release|Any CPU
		{65786107-E646-452E-B899-EDD26D09E401}.Release|arm64.Build.0 = Release|Any CPU
		{65786107-E646-452E-B899-EDD26D09E401}.Release|x64.ActiveCfg = Release|Any CPU
		{65786107-E646-452E-B899-EDD26D09E401}.Release|x64.Build.0 = Release|Any CPU
		{65786107-E646-452E-B899-EDD26D09E401}.Release|x86.ActiveCfg = Release|Any CPU
		{65786107-E646-452E-B899-EDD26D09E401}.Release|x86.Build.0 = Release|Any CPU
		{16A17957-6DE3-4874-B0B6-08404C23FBBE}.Debug|Any CPU.ActiveCfg = Debug|Any CPU
		{16A17957-6DE3-4874-B0B6-08404C23FBBE}.Debug|Any CPU.Build.0 = Debug|Any CPU
		{16A17957-6DE3-4874-B0B6-08404C23FBBE}.Debug|arm64.ActiveCfg = Debug|Any CPU
		{16A17957-6DE3-4874-B0B6-08404C23FBBE}.Debug|arm64.Build.0 = Debug|Any CPU
		{16A17957-6DE3-4874-B0B6-08404C23FBBE}.Debug|x64.ActiveCfg = Debug|Any CPU
		{16A17957-6DE3-4874-B0B6-08404C23FBBE}.Debug|x64.Build.0 = Debug|Any CPU
		{16A17957-6DE3-4874-B0B6-08404C23FBBE}.Debug|x86.ActiveCfg = Debug|Any CPU
		{16A17957-6DE3-4874-B0B6-08404C23FBBE}.Debug|x86.Build.0 = Debug|Any CPU
		{16A17957-6DE3-4874-B0B6-08404C23FBBE}.Release|Any CPU.ActiveCfg = Release|Any CPU
		{16A17957-6DE3-4874-B0B6-08404C23FBBE}.Release|Any CPU.Build.0 = Release|Any CPU
		{16A17957-6DE3-4874-B0B6-08404C23FBBE}.Release|arm64.ActiveCfg = Release|Any CPU
		{16A17957-6DE3-4874-B0B6-08404C23FBBE}.Release|arm64.Build.0 = Release|Any CPU
		{16A17957-6DE3-4874-B0B6-08404C23FBBE}.Release|x64.ActiveCfg = Release|Any CPU
		{16A17957-6DE3-4874-B0B6-08404C23FBBE}.Release|x64.Build.0 = Release|Any CPU
		{16A17957-6DE3-4874-B0B6-08404C23FBBE}.Release|x86.ActiveCfg = Release|Any CPU
		{16A17957-6DE3-4874-B0B6-08404C23FBBE}.Release|x86.Build.0 = Release|Any CPU
		{F5EB3A73-1D93-42F7-9757-26B486D74592}.Debug|Any CPU.ActiveCfg = Debug|Any CPU
		{F5EB3A73-1D93-42F7-9757-26B486D74592}.Debug|Any CPU.Build.0 = Debug|Any CPU
		{F5EB3A73-1D93-42F7-9757-26B486D74592}.Debug|arm64.ActiveCfg = Debug|Any CPU
		{F5EB3A73-1D93-42F7-9757-26B486D74592}.Debug|arm64.Build.0 = Debug|Any CPU
		{F5EB3A73-1D93-42F7-9757-26B486D74592}.Debug|x64.ActiveCfg = Debug|Any CPU
		{F5EB3A73-1D93-42F7-9757-26B486D74592}.Debug|x64.Build.0 = Debug|Any CPU
		{F5EB3A73-1D93-42F7-9757-26B486D74592}.Debug|x86.ActiveCfg = Debug|Any CPU
		{F5EB3A73-1D93-42F7-9757-26B486D74592}.Debug|x86.Build.0 = Debug|Any CPU
		{F5EB3A73-1D93-42F7-9757-26B486D74592}.Release|Any CPU.ActiveCfg = Release|Any CPU
		{F5EB3A73-1D93-42F7-9757-26B486D74592}.Release|Any CPU.Build.0 = Release|Any CPU
		{F5EB3A73-1D93-42F7-9757-26B486D74592}.Release|arm64.ActiveCfg = Release|Any CPU
		{F5EB3A73-1D93-42F7-9757-26B486D74592}.Release|arm64.Build.0 = Release|Any CPU
		{F5EB3A73-1D93-42F7-9757-26B486D74592}.Release|x64.ActiveCfg = Release|Any CPU
		{F5EB3A73-1D93-42F7-9757-26B486D74592}.Release|x64.Build.0 = Release|Any CPU
		{F5EB3A73-1D93-42F7-9757-26B486D74592}.Release|x86.ActiveCfg = Release|Any CPU
		{F5EB3A73-1D93-42F7-9757-26B486D74592}.Release|x86.Build.0 = Release|Any CPU
		{8C2D2DDA-890B-4F6F-938F-9CFDF82AAC0F}.Debug|Any CPU.ActiveCfg = Debug|Any CPU
		{8C2D2DDA-890B-4F6F-938F-9CFDF82AAC0F}.Debug|Any CPU.Build.0 = Debug|Any CPU
		{8C2D2DDA-890B-4F6F-938F-9CFDF82AAC0F}.Debug|arm64.ActiveCfg = Debug|Any CPU
		{8C2D2DDA-890B-4F6F-938F-9CFDF82AAC0F}.Debug|arm64.Build.0 = Debug|Any CPU
		{8C2D2DDA-890B-4F6F-938F-9CFDF82AAC0F}.Debug|x64.ActiveCfg = Debug|Any CPU
		{8C2D2DDA-890B-4F6F-938F-9CFDF82AAC0F}.Debug|x64.Build.0 = Debug|Any CPU
		{8C2D2DDA-890B-4F6F-938F-9CFDF82AAC0F}.Debug|x86.ActiveCfg = Debug|Any CPU
		{8C2D2DDA-890B-4F6F-938F-9CFDF82AAC0F}.Debug|x86.Build.0 = Debug|Any CPU
		{8C2D2DDA-890B-4F6F-938F-9CFDF82AAC0F}.Release|Any CPU.ActiveCfg = Release|Any CPU
		{8C2D2DDA-890B-4F6F-938F-9CFDF82AAC0F}.Release|Any CPU.Build.0 = Release|Any CPU
		{8C2D2DDA-890B-4F6F-938F-9CFDF82AAC0F}.Release|arm64.ActiveCfg = Release|Any CPU
		{8C2D2DDA-890B-4F6F-938F-9CFDF82AAC0F}.Release|arm64.Build.0 = Release|Any CPU
		{8C2D2DDA-890B-4F6F-938F-9CFDF82AAC0F}.Release|x64.ActiveCfg = Release|Any CPU
		{8C2D2DDA-890B-4F6F-938F-9CFDF82AAC0F}.Release|x64.Build.0 = Release|Any CPU
		{8C2D2DDA-890B-4F6F-938F-9CFDF82AAC0F}.Release|x86.ActiveCfg = Release|Any CPU
		{8C2D2DDA-890B-4F6F-938F-9CFDF82AAC0F}.Release|x86.Build.0 = Release|Any CPU
		{AB635967-D2FF-4A55-A319-109099DE8FF4}.Debug|Any CPU.ActiveCfg = Debug|Any CPU
		{AB635967-D2FF-4A55-A319-109099DE8FF4}.Debug|Any CPU.Build.0 = Debug|Any CPU
		{AB635967-D2FF-4A55-A319-109099DE8FF4}.Debug|arm64.ActiveCfg = Debug|Any CPU
		{AB635967-D2FF-4A55-A319-109099DE8FF4}.Debug|arm64.Build.0 = Debug|Any CPU
		{AB635967-D2FF-4A55-A319-109099DE8FF4}.Debug|x64.ActiveCfg = Debug|Any CPU
		{AB635967-D2FF-4A55-A319-109099DE8FF4}.Debug|x64.Build.0 = Debug|Any CPU
		{AB635967-D2FF-4A55-A319-109099DE8FF4}.Debug|x86.ActiveCfg = Debug|Any CPU
		{AB635967-D2FF-4A55-A319-109099DE8FF4}.Debug|x86.Build.0 = Debug|Any CPU
		{AB635967-D2FF-4A55-A319-109099DE8FF4}.Release|Any CPU.ActiveCfg = Release|Any CPU
		{AB635967-D2FF-4A55-A319-109099DE8FF4}.Release|Any CPU.Build.0 = Release|Any CPU
		{AB635967-D2FF-4A55-A319-109099DE8FF4}.Release|arm64.ActiveCfg = Release|Any CPU
		{AB635967-D2FF-4A55-A319-109099DE8FF4}.Release|arm64.Build.0 = Release|Any CPU
		{AB635967-D2FF-4A55-A319-109099DE8FF4}.Release|x64.ActiveCfg = Release|Any CPU
		{AB635967-D2FF-4A55-A319-109099DE8FF4}.Release|x64.Build.0 = Release|Any CPU
		{AB635967-D2FF-4A55-A319-109099DE8FF4}.Release|x86.ActiveCfg = Release|Any CPU
		{AB635967-D2FF-4A55-A319-109099DE8FF4}.Release|x86.Build.0 = Release|Any CPU
		{26DC3FAB-D12D-45C5-B000-9F4B8D68FEF4}.Debug|Any CPU.ActiveCfg = Debug|Any CPU
		{26DC3FAB-D12D-45C5-B000-9F4B8D68FEF4}.Debug|Any CPU.Build.0 = Debug|Any CPU
		{26DC3FAB-D12D-45C5-B000-9F4B8D68FEF4}.Debug|arm64.ActiveCfg = Debug|Any CPU
		{26DC3FAB-D12D-45C5-B000-9F4B8D68FEF4}.Debug|arm64.Build.0 = Debug|Any CPU
		{26DC3FAB-D12D-45C5-B000-9F4B8D68FEF4}.Debug|x64.ActiveCfg = Debug|Any CPU
		{26DC3FAB-D12D-45C5-B000-9F4B8D68FEF4}.Debug|x64.Build.0 = Debug|Any CPU
		{26DC3FAB-D12D-45C5-B000-9F4B8D68FEF4}.Debug|x86.ActiveCfg = Debug|Any CPU
		{26DC3FAB-D12D-45C5-B000-9F4B8D68FEF4}.Debug|x86.Build.0 = Debug|Any CPU
		{26DC3FAB-D12D-45C5-B000-9F4B8D68FEF4}.Release|Any CPU.ActiveCfg = Release|Any CPU
		{26DC3FAB-D12D-45C5-B000-9F4B8D68FEF4}.Release|Any CPU.Build.0 = Release|Any CPU
		{26DC3FAB-D12D-45C5-B000-9F4B8D68FEF4}.Release|arm64.ActiveCfg = Release|Any CPU
		{26DC3FAB-D12D-45C5-B000-9F4B8D68FEF4}.Release|arm64.Build.0 = Release|Any CPU
		{26DC3FAB-D12D-45C5-B000-9F4B8D68FEF4}.Release|x64.ActiveCfg = Release|Any CPU
		{26DC3FAB-D12D-45C5-B000-9F4B8D68FEF4}.Release|x64.Build.0 = Release|Any CPU
		{26DC3FAB-D12D-45C5-B000-9F4B8D68FEF4}.Release|x86.ActiveCfg = Release|Any CPU
		{26DC3FAB-D12D-45C5-B000-9F4B8D68FEF4}.Release|x86.Build.0 = Release|Any CPU
		{615808DB-FBFC-4DDD-A6D4-64525428F48F}.Debug|Any CPU.ActiveCfg = Debug|Any CPU
		{615808DB-FBFC-4DDD-A6D4-64525428F48F}.Debug|Any CPU.Build.0 = Debug|Any CPU
		{615808DB-FBFC-4DDD-A6D4-64525428F48F}.Debug|arm64.ActiveCfg = Debug|Any CPU
		{615808DB-FBFC-4DDD-A6D4-64525428F48F}.Debug|arm64.Build.0 = Debug|Any CPU
		{615808DB-FBFC-4DDD-A6D4-64525428F48F}.Debug|x64.ActiveCfg = Debug|Any CPU
		{615808DB-FBFC-4DDD-A6D4-64525428F48F}.Debug|x64.Build.0 = Debug|Any CPU
		{615808DB-FBFC-4DDD-A6D4-64525428F48F}.Debug|x86.ActiveCfg = Debug|Any CPU
		{615808DB-FBFC-4DDD-A6D4-64525428F48F}.Debug|x86.Build.0 = Debug|Any CPU
		{615808DB-FBFC-4DDD-A6D4-64525428F48F}.Release|Any CPU.ActiveCfg = Release|Any CPU
		{615808DB-FBFC-4DDD-A6D4-64525428F48F}.Release|Any CPU.Build.0 = Release|Any CPU
		{615808DB-FBFC-4DDD-A6D4-64525428F48F}.Release|arm64.ActiveCfg = Release|Any CPU
		{615808DB-FBFC-4DDD-A6D4-64525428F48F}.Release|arm64.Build.0 = Release|Any CPU
		{615808DB-FBFC-4DDD-A6D4-64525428F48F}.Release|x64.ActiveCfg = Release|Any CPU
		{615808DB-FBFC-4DDD-A6D4-64525428F48F}.Release|x64.Build.0 = Release|Any CPU
		{615808DB-FBFC-4DDD-A6D4-64525428F48F}.Release|x86.ActiveCfg = Release|Any CPU
		{615808DB-FBFC-4DDD-A6D4-64525428F48F}.Release|x86.Build.0 = Release|Any CPU
		{B1D125FD-F1ED-4556-9C20-34735AFF3F7D}.Debug|Any CPU.ActiveCfg = Debug|x64
		{B1D125FD-F1ED-4556-9C20-34735AFF3F7D}.Debug|Any CPU.Build.0 = Debug|x64
		{B1D125FD-F1ED-4556-9C20-34735AFF3F7D}.Debug|arm64.ActiveCfg = Debug|arm64
		{B1D125FD-F1ED-4556-9C20-34735AFF3F7D}.Debug|arm64.Build.0 = Debug|arm64
		{B1D125FD-F1ED-4556-9C20-34735AFF3F7D}.Debug|x64.ActiveCfg = Debug|x64
		{B1D125FD-F1ED-4556-9C20-34735AFF3F7D}.Debug|x64.Build.0 = Debug|x64
		{B1D125FD-F1ED-4556-9C20-34735AFF3F7D}.Debug|x86.ActiveCfg = Debug|x86
		{B1D125FD-F1ED-4556-9C20-34735AFF3F7D}.Debug|x86.Build.0 = Debug|x86
		{B1D125FD-F1ED-4556-9C20-34735AFF3F7D}.Release|Any CPU.ActiveCfg = Release|x64
		{B1D125FD-F1ED-4556-9C20-34735AFF3F7D}.Release|Any CPU.Build.0 = Release|x64
		{B1D125FD-F1ED-4556-9C20-34735AFF3F7D}.Release|arm64.ActiveCfg = Release|arm64
		{B1D125FD-F1ED-4556-9C20-34735AFF3F7D}.Release|arm64.Build.0 = Release|arm64
		{B1D125FD-F1ED-4556-9C20-34735AFF3F7D}.Release|x64.ActiveCfg = Release|x64
		{B1D125FD-F1ED-4556-9C20-34735AFF3F7D}.Release|x64.Build.0 = Release|x64
		{B1D125FD-F1ED-4556-9C20-34735AFF3F7D}.Release|x86.ActiveCfg = Release|x86
		{B1D125FD-F1ED-4556-9C20-34735AFF3F7D}.Release|x86.Build.0 = Release|x86
	EndGlobalSection
	GlobalSection(SolutionProperties) = preSolution
		HideSolutionNode = FALSE
	EndGlobalSection
	GlobalSection(NestedProjects) = preSolution
		{65786107-E646-452E-B899-EDD26D09E401} = {A81088C2-A6AF-4CB6-8F36-DF8C0E6D45B3}
		{16A17957-6DE3-4874-B0B6-08404C23FBBE} = {A81088C2-A6AF-4CB6-8F36-DF8C0E6D45B3}
		{F5EB3A73-1D93-42F7-9757-26B486D74592} = {A81088C2-A6AF-4CB6-8F36-DF8C0E6D45B3}
		{8C2D2DDA-890B-4F6F-938F-9CFDF82AAC0F} = {464A41EC-E4D1-4BC3-93BD-A48E3449A4BD}
		{F497B163-E46E-4EA6-9E41-BB0C25CA6272} = {2CEE2766-3A6D-4891-9416-01E4FAC0B243}
		{AB635967-D2FF-4A55-A319-109099DE8FF4} = {A81088C2-A6AF-4CB6-8F36-DF8C0E6D45B3}
		{26DC3FAB-D12D-45C5-B000-9F4B8D68FEF4} = {A81088C2-A6AF-4CB6-8F36-DF8C0E6D45B3}
		{615808DB-FBFC-4DDD-A6D4-64525428F48F} = {A81088C2-A6AF-4CB6-8F36-DF8C0E6D45B3}
		{B1D125FD-F1ED-4556-9C20-34735AFF3F7D} = {464A41EC-E4D1-4BC3-93BD-A48E3449A4BD}
	EndGlobalSection
	GlobalSection(ExtensibilityGlobals) = postSolution
		SolutionGuid = {6AF160D8-AC25-4835-84D4-A42A72264F88}
	EndGlobalSection
EndGlobal
